
Microsoft Visual Studio Solution File, Format Version 12.00
# Visual Studio Version 17
VisualStudioVersion = 17.8.34330.188
MinimumVisualStudioVersion = 10.0.40219.1
Project("{FAE04EC0-301F-11D3-BF4B-00C04F79EFBC}") = "SwdDmgGUI", "SwdDmgGUI\SwdDmgGUI.csproj", "{BF0AA40A-95D4-4A75-A07E-031E7B0405E0}"
EndProject
Global
	GlobalSection(SolutionConfigurationPlatforms) = preSolution
		Debug|Any CPU = Debug|Any CPU
		Release|Any CPU = Release|Any CPU
	EndGlobalSection
	GlobalSection(ProjectConfigurationPlatforms) = postSolution
		{BF0AA40A-95D4-4A75-A07E-031E7B0405E0}.Debug|Any CPU.ActiveCfg = Debug|Any CPU
		{BF0AA40A-95D4-4A75-A07E-031E7B0405E0}.Debug|Any CPU.Build.0 = Debug|Any CPU
		{BF0AA40A-95D4-4A75-A07E-031E7B0405E0}.Release|Any CPU.ActiveCfg = Release|Any CPU
		{BF0AA40A-95D4-4A75-A07E-031E7B0405E0}.Release|Any CPU.Build.0 = Release|Any CPU
	EndGlobalSection
	GlobalSection(SolutionProperties) = preSolution
		HideSolutionNode = FALSE
	EndGlobalSection
	GlobalSection(ExtensibilityGlobals) = postSolution
		SolutionGuid = {C1F876DE-2F22-4357-8C23-841BCB2ED3D8}
	EndGlobalSection
EndGlobal
